
Microsoft Visual Studio Solution File, Format Version 12.00
# Visual Studio Version 16
VisualStudioVersion = 16.0.30114.105
MinimumVisualStudioVersion = 10.0.40219.1
Project("{FAE04EC0-301F-11D3-BF4B-00C04F79EFBC}") = "DayOne", "DayOne\DayOne.csproj", "{ACCE26BC-05B3-4C43-99FB-9195228B893F}"
EndProject
Project("{FAE04EC0-301F-11D3-BF4B-00C04F79EFBC}") = "DayTwo", "DayTwo\DayTwo.csproj", "{1A499632-2AF1-47C7-9F47-8BBF349F7FA7}"
EndProject
Project("{FAE04EC0-301F-11D3-BF4B-00C04F79EFBC}") = "Tests", "Tests\Tests.csproj", "{4E32EF31-85B3-4C6B-B567-77DB0BCDB27F}"
EndProject
Project("{FAE04EC0-301F-11D3-BF4B-00C04F79EFBC}") = "DayThree", "DayThree\DayThree.csproj", "{5EDCCE01-C2F5-4E70-89FB-BBDA61F16716}"
EndProject
Project("{FAE04EC0-301F-11D3-BF4B-00C04F79EFBC}") = "DayFour", "DayFour\DayFour.csproj", "{65EFBC7D-E419-4F44-9569-35C1B30B33F9}"
EndProject
Project("{FAE04EC0-301F-11D3-BF4B-00C04F79EFBC}") = "DayFive", "DayFive\DayFive.csproj", "{BE22EE27-E1E4-4047-A97A-1397E7CBED37}"
EndProject
Project("{FAE04EC0-301F-11D3-BF4B-00C04F79EFBC}") = "DaySix", "DaySix\DaySix.csproj", "{3FC4E8B7-8B6A-495E-8F4B-53493867E08F}"
EndProject
Global
	GlobalSection(SolutionConfigurationPlatforms) = preSolution
		Debug|Any CPU = Debug|Any CPU
		Release|Any CPU = Release|Any CPU
	EndGlobalSection
	GlobalSection(SolutionProperties) = preSolution
		HideSolutionNode = FALSE
	EndGlobalSection
	GlobalSection(ProjectConfigurationPlatforms) = postSolution
		{ACCE26BC-05B3-4C43-99FB-9195228B893F}.Debug|Any CPU.ActiveCfg = Debug|Any CPU
		{ACCE26BC-05B3-4C43-99FB-9195228B893F}.Debug|Any CPU.Build.0 = Debug|Any CPU
		{ACCE26BC-05B3-4C43-99FB-9195228B893F}.Release|Any CPU.ActiveCfg = Release|Any CPU
		{ACCE26BC-05B3-4C43-99FB-9195228B893F}.Release|Any CPU.Build.0 = Release|Any CPU
		{1A499632-2AF1-47C7-9F47-8BBF349F7FA7}.Debug|Any CPU.ActiveCfg = Debug|Any CPU
		{1A499632-2AF1-47C7-9F47-8BBF349F7FA7}.Debug|Any CPU.Build.0 = Debug|Any CPU
		{1A499632-2AF1-47C7-9F47-8BBF349F7FA7}.Release|Any CPU.ActiveCfg = Release|Any CPU
		{1A499632-2AF1-47C7-9F47-8BBF349F7FA7}.Release|Any CPU.Build.0 = Release|Any CPU
		{4E32EF31-85B3-4C6B-B567-77DB0BCDB27F}.Debug|Any CPU.ActiveCfg = Debug|Any CPU
		{4E32EF31-85B3-4C6B-B567-77DB0BCDB27F}.Debug|Any CPU.Build.0 = Debug|Any CPU
		{4E32EF31-85B3-4C6B-B567-77DB0BCDB27F}.Release|Any CPU.ActiveCfg = Release|Any CPU
		{4E32EF31-85B3-4C6B-B567-77DB0BCDB27F}.Release|Any CPU.Build.0 = Release|Any CPU
		{5EDCCE01-C2F5-4E70-89FB-BBDA61F16716}.Debug|Any CPU.ActiveCfg = Debug|Any CPU
		{5EDCCE01-C2F5-4E70-89FB-BBDA61F16716}.Debug|Any CPU.Build.0 = Debug|Any CPU
		{5EDCCE01-C2F5-4E70-89FB-BBDA61F16716}.Release|Any CPU.ActiveCfg = Release|Any CPU
		{5EDCCE01-C2F5-4E70-89FB-BBDA61F16716}.Release|Any CPU.Build.0 = Release|Any CPU
		{65EFBC7D-E419-4F44-9569-35C1B30B33F9}.Debug|Any CPU.ActiveCfg = Debug|Any CPU
		{65EFBC7D-E419-4F44-9569-35C1B30B33F9}.Debug|Any CPU.Build.0 = Debug|Any CPU
		{65EFBC7D-E419-4F44-9569-35C1B30B33F9}.Release|Any CPU.ActiveCfg = Release|Any CPU
		{65EFBC7D-E419-4F44-9569-35C1B30B33F9}.Release|Any CPU.Build.0 = Release|Any CPU
		{BE22EE27-E1E4-4047-A97A-1397E7CBED37}.Debug|Any CPU.ActiveCfg = Debug|Any CPU
		{BE22EE27-E1E4-4047-A97A-1397E7CBED37}.Debug|Any CPU.Build.0 = Debug|Any CPU
		{BE22EE27-E1E4-4047-A97A-1397E7CBED37}.Release|Any CPU.ActiveCfg = Release|Any CPU
		{BE22EE27-E1E4-4047-A97A-1397E7CBED37}.Release|Any CPU.Build.0 = Release|Any CPU
		{3FC4E8B7-8B6A-495E-8F4B-53493867E08F}.Debug|Any CPU.ActiveCfg = Debug|Any CPU
		{3FC4E8B7-8B6A-495E-8F4B-53493867E08F}.Debug|Any CPU.Build.0 = Debug|Any CPU
		{3FC4E8B7-8B6A-495E-8F4B-53493867E08F}.Release|Any CPU.ActiveCfg = Release|Any CPU
		{3FC4E8B7-8B6A-495E-8F4B-53493867E08F}.Release|Any CPU.Build.0 = Release|Any CPU
	EndGlobalSection
EndGlobal
